{
  "name": "CreoleDictionaryMap",
  "lockfileVersion": 2,
  "requires": true,
  "packages": {
    "": {
      "dependencies": {
        "csv-parse": "^5.5.1"
      }
    },
    "node_modules/csv-parse": {
      "version": "5.5.1",
      "resolved": "https://registry.npmjs.org/csv-parse/-/csv-parse-5.5.1.tgz",
      "integrity": "sha512-A6DrzSnN7MuOjXOT2tbO08YyYnP9sNDn8zITMHbZN/qt3gUzdGcu3LacYKY7b3RHwKoPwkhhmLeP7SE30cRmgg=="
    }
  },
  "dependencies": {
    "csv-parse": {
      "version": "5.5.1",
      "resolved": "https://registry.npmjs.org/csv-parse/-/csv-parse-5.5.1.tgz",
      "integrity": "sha512-A6DrzSnN7MuOjXOT2tbO08YyYnP9sNDn8zITMHbZN/qt3gUzdGcu3LacYKY7b3RHwKoPwkhhmLeP7SE30cRmgg=="
    }
  }
}
